github.com/dnsoa/go/assert v1.1.0 h1:qxNGGOuISc51DgYnU093bLkzfa/Nn5iz5NMgb4DQH+4=
github.com/dnsoa/go/assert v1.1.0/go.mod h1:5xEr5OwGJQW82o0niukuwOpaiJlfF8B1xQhXBGy9ti0=
github.com/dnsoa/go/assert v1.1.1 h1:tXNdf209bAT7tl80fofjrR36iqZzFtar9vndRgRo0tM=
github.com/dnsoa/go/assert v1.1.1/go.mod h1:aP8iaHTcw49posUgXy9qjr/ICSJ2HNjyQXNOJzo4Zws=
